
Microsoft Visual Studio Solution File, Format Version 12.00
# Visual Studio Version 16
VisualStudioVersion = 16.0.30128.74
MinimumVisualStudioVersion = 10.0.40219.1
Project("{FAE04EC0-301F-11D3-BF4B-00C04F79EFBC}") = "Wata.InvoiceApp.Api", "Wata.InvoiceApp.Api\Wata.InvoiceApp.Api.csproj", "{06C88630-4520-42C9-9205-257ABEE60BA4}"
EndProject
Project("{FAE04EC0-301F-11D3-BF4B-00C04F79EFBC}") = "Wata.InvoiceApp.Domain", "Wata.InvoiceApp.Domain\Wata.InvoiceApp.Domain.csproj", "{0563AA3E-0A3A-4E75-BE91-000353B047B4}"
EndProject
Project("{FAE04EC0-301F-11D3-BF4B-00C04F79EFBC}") = "Wata.InvoiceApp.Application", "Wata.InvoiceApp.Application\Wata.InvoiceApp.Application.csproj", "{5CE2B461-6587-4531-9F54-8AA6A380A274}"
EndProject
Project("{FAE04EC0-301F-11D3-BF4B-00C04F79EFBC}") = "Wata.InvoiceApp.Infrastructure", "Wata.InvoiceApp.Infrastructure\Wata.InvoiceApp.Infrastructure.csproj", "{DC36FFEC-4015-453C-A340-E49D31B29C36}"
EndProject
Global
	GlobalSection(SolutionConfigurationPlatforms) = preSolution
		Debug|Any CPU = Debug|Any CPU
		Release|Any CPU = Release|Any CPU
	EndGlobalSection
	GlobalSection(ProjectConfigurationPlatforms) = postSolution
		{06C88630-4520-42C9-9205-257ABEE60BA4}.Debug|Any CPU.ActiveCfg = Debug|Any CPU
		{06C88630-4520-42C9-9205-257ABEE60BA4}.Debug|Any CPU.Build.0 = Debug|Any CPU
		{06C88630-4520-42C9-9205-257ABEE60BA4}.Release|Any CPU.ActiveCfg = Release|Any CPU
		{06C88630-4520-42C9-9205-257ABEE60BA4}.Release|Any CPU.Build.0 = Release|Any CPU
		{0563AA3E-0A3A-4E75-BE91-000353B047B4}.Debug|Any CPU.ActiveCfg = Debug|Any CPU
		{0563AA3E-0A3A-4E75-BE91-000353B047B4}.Debug|Any CPU.Build.0 = Debug|Any CPU
		{0563AA3E-0A3A-4E75-BE91-000353B047B4}.Release|Any CPU.ActiveCfg = Release|Any CPU
		{0563AA3E-0A3A-4E75-BE91-000353B047B4}.Release|Any CPU.Build.0 = Release|Any CPU
		{5CE2B461-6587-4531-9F54-8AA6A380A274}.Debug|Any CPU.ActiveCfg = Debug|Any CPU
		{5CE2B461-6587-4531-9F54-8AA6A380A274}.Debug|Any CPU.Build.0 = Debug|Any CPU
		{5CE2B461-6587-4531-9F54-8AA6A380A274}.Release|Any CPU.ActiveCfg = Release|Any CPU
		{5CE2B461-6587-4531-9F54-8AA6A380A274}.Release|Any CPU.Build.0 = Release|Any CPU
		{DC36FFEC-4015-453C-A340-E49D31B29C36}.Debug|Any CPU.ActiveCfg = Debug|Any CPU
		{DC36FFEC-4015-453C-A340-E49D31B29C36}.Debug|Any CPU.Build.0 = Debug|Any CPU
		{DC36FFEC-4015-453C-A340-E49D31B29C36}.Release|Any CPU.ActiveCfg = Release|Any CPU
		{DC36FFEC-4015-453C-A340-E49D31B29C36}.Release|Any CPU.Build.0 = Release|Any CPU
	EndGlobalSection
	GlobalSection(SolutionProperties) = preSolution
		HideSolutionNode = FALSE
	EndGlobalSection
	GlobalSection(ExtensibilityGlobals) = postSolution
		SolutionGuid = {3F10EDA6-23F2-41A8-9265-B62ADEAEE864}
	EndGlobalSection
EndGlobal
